
Microsoft Visual Studio Solution File, Format Version 12.00
# Visual Studio Version 17
VisualStudioVersion = 17.13.35806.99
MinimumVisualStudioVersion = 10.0.40219.1
Project("{FAE04EC0-301F-11D3-BF4B-00C04F79EFBC}") = "Garage", "Garage.csproj", "{31025F5B-4F9F-4793-90DB-048EDAEB7040}"
EndProject
Project("{FAE04EC0-301F-11D3-BF4B-00C04F79EFBC}") = "Garage.Tests", "..\Garage.Tests\Garage.Tests.csproj", "{5218144B-666B-CA9B-7F20-D41FA4AB2065}"
EndProject
Global
	GlobalSection(SolutionConfigurationPlatforms) = preSolution
		Debug|Any CPU = Debug|Any CPU
		Release|Any CPU = Release|Any CPU
	EndGlobalSection
	GlobalSection(ProjectConfigurationPlatforms) = postSolution
		{31025F5B-4F9F-4793-90DB-048EDAEB7040}.Debug|Any CPU.ActiveCfg = Debug|Any CPU
		{31025F5B-4F9F-4793-90DB-048EDAEB7040}.Debug|Any CPU.Build.0 = Debug|Any CPU
		{31025F5B-4F9F-4793-90DB-048EDAEB7040}.Release|Any CPU.ActiveCfg = Release|Any CPU
		{31025F5B-4F9F-4793-90DB-048EDAEB7040}.Release|Any CPU.Build.0 = Release|Any CPU
		{5218144B-666B-CA9B-7F20-D41FA4AB2065}.Debug|Any CPU.ActiveCfg = Debug|Any CPU
		{5218144B-666B-CA9B-7F20-D41FA4AB2065}.Debug|Any CPU.Build.0 = Debug|Any CPU
		{5218144B-666B-CA9B-7F20-D41FA4AB2065}.Release|Any CPU.ActiveCfg = Release|Any CPU
		{5218144B-666B-CA9B-7F20-D41FA4AB2065}.Release|Any CPU.Build.0 = Release|Any CPU
	EndGlobalSection
	GlobalSection(SolutionProperties) = preSolution
		HideSolutionNode = FALSE
	EndGlobalSection
	GlobalSection(ExtensibilityGlobals) = postSolution
		SolutionGuid = {3202BAB8-6CE4-416D-8900-7C9113AB36D9}
	EndGlobalSection
EndGlobal
